
Microsoft Visual Studio Solution File, Format Version 12.00
# Visual Studio Version 16
VisualStudioVersion = 16.0.30611.23
MinimumVisualStudioVersion = 10.0.40219.1
Project("{FAE04EC0-301F-11D3-BF4B-00C04F79EFBC}") = "website", "Customer Interactions\website\website.csproj", "{6FD28396-84F9-46C3-A508-429C6FCA3CE6}"
EndProject
Project("{2150E333-8FDC-42A3-9474-1A3956D46DE8}") = "Customer Interactions", "Customer Interactions", "{BC44F556-03B6-487E-A5C7-E915705878EA}"
EndProject
Global
	GlobalSection(SolutionConfigurationPlatforms) = preSolution
		Debug|Any CPU = Debug|Any CPU
		Release|Any CPU = Release|Any CPU
	EndGlobalSection
	GlobalSection(ProjectConfigurationPlatforms) = postSolution
		{6FD28396-84F9-46C3-A508-429C6FCA3CE6}.Debug|Any CPU.ActiveCfg = Debug|Any CPU
		{6FD28396-84F9-46C3-A508-429C6FCA3CE6}.Debug|Any CPU.Build.0 = Debug|Any CPU
		{6FD28396-84F9-46C3-A508-429C6FCA3CE6}.Release|Any CPU.ActiveCfg = Release|Any CPU
		{6FD28396-84F9-46C3-A508-429C6FCA3CE6}.Release|Any CPU.Build.0 = Release|Any CPU
	EndGlobalSection
	GlobalSection(SolutionProperties) = preSolution
		HideSolutionNode = FALSE
	EndGlobalSection
	GlobalSection(NestedProjects) = preSolution
		{6FD28396-84F9-46C3-A508-429C6FCA3CE6} = {BC44F556-03B6-487E-A5C7-E915705878EA}
	EndGlobalSection
	GlobalSection(ExtensibilityGlobals) = postSolution
		SolutionGuid = {0F55F4AC-3E96-456C-B665-76F6405F3448}
	EndGlobalSection
EndGlobal
